// !$*UTF8*$!
{
	archiveVersion = 1;
	classes = {
	};
	objectVersion = 56;
	objects = {

/* Begin PBXBuildFile section */
		AA0000000000000000000001 /* CoursesApp.swift in Sources */ = {isa = PBXBuildFile; fileRef = AA0000000000000000000011 /* CoursesApp.swift */; };
		AA0000000000000000000002 /* LoginView.swift in Sources */ = {isa = PBXBuildFile; fileRef = AA0000000000000000000012 /* LoginView.swift */; };
		AA0000000000000000000003 /* CoursesListView.swift in Sources */ = {isa = PBXBuildFile; fileRef = AA0000000000000000000013 /* CoursesListView.swift */; };
		AA0000000000000000000004 /* CourseDetailView.swift in Sources */ = {isa = PBXBuildFile; fileRef = AA0000000000000000000014 /* CourseDetailView.swift */; };
		AA0000000000000000000005 /* VideoPlayerView.swift in Sources */ = {isa = PBXBuildFile; fileRef = AA0000000000000000000015 /* VideoPlayerView.swift */; };
		AA000000000000000000001E /* SettingsView.swift in Sources */ = {isa = PBXBuildFile; fileRef = AA000000000000000000002E /* SettingsView.swift */; };
		AA0000000000000000000006 /* Course.swift in Sources */ = {isa = PBXBuildFile; fileRef = AA0000000000000000000016 /* Course.swift */; };
		AA0000000000000000000007 /* AuthManager.swift in Sources */ = {isa = PBXBuildFile; fileRef = AA0000000000000000000017 /* AuthManager.swift */; };
		AA0000000000000000000008 /* CoursesService.swift in Sources */ = {isa = PBXBuildFile; fileRef = AA0000000000000000000018 /* CoursesService.swift */; };
		AA0000000000000000000009 /* SupabaseClient.swift in Sources */ = {isa = PBXBuildFile; fileRef = AA0000000000000000000019 /* SupabaseClient.swift */; };
		AA0000000000000000000010 /* CoursesApp.xcassets in Resources */ = {isa = PBXBuildFile; fileRef = AA0000000000000000000020 /* CoursesApp.xcassets */; };
		AA0000000000000000000030 /* Supabase in Frameworks */ = {isa = PBXBuildFile; productRef = AA0000000000000000000029 /* Supabase */; };
		BAAB445234D94EB892E6FC6B /* Models.swift in Sources */ = {isa = PBXBuildFile; fileRef = 1A69D4764F0940EDB33ED354 /* Models.swift */; };
		B41E6161328C4F568A6A8B24 /* AnnouncementsService.swift in Sources */ = {isa = PBXBuildFile; fileRef = A3456D41A55843DD9A82B1F3 /* AnnouncementsService.swift */; };
		F2FD9A7743D34518882D07CE /* ChallengesService.swift in Sources */ = {isa = PBXBuildFile; fileRef = C288C62EDE8C42A09432D375 /* ChallengesService.swift */; };
		9CBF2EED0DDE4450A1FCC566 /* CommunityService.swift in Sources */ = {isa = PBXBuildFile; fileRef = 431B86AC33A6498CA8A5FC38 /* CommunityService.swift */; };
		473C6AFA65214FFEA3BEFF52 /* LiveEventsService.swift in Sources */ = {isa = PBXBuildFile; fileRef = F470761683834D25BAE05CE1 /* LiveEventsService.swift */; };
		61D8BF310A2046249ECA679F /* ResourcesService.swift in Sources */ = {isa = PBXBuildFile; fileRef = CD983B8629E4413EAB1D8978 /* ResourcesService.swift */; };
		71E91A5617B0466AAEF55CC6 /* AffiliatesService.swift in Sources */ = {isa = PBXBuildFile; fileRef = 4B79E4D9890243CA830B5196 /* AffiliatesService.swift */; };
		D68463E61C6144E0BA1C1B95 /* SubscriptionManager.swift in Sources */ = {isa = PBXBuildFile; fileRef = F3FC7C5571E747549A1FE771 /* SubscriptionManager.swift */; };
		E92D858B2B844E58B81F1311 /* UserStatsService.swift in Sources */ = {isa = PBXBuildFile; fileRef = B4F22E92A9124582AE193AA5 /* UserStatsService.swift */; };
		97BF901803044AFF878E285F /* HomeView.swift in Sources */ = {isa = PBXBuildFile; fileRef = 42241153F94E456581B1D498 /* HomeView.swift */; };
		8B146B6274EF4F3ABBBFBB81 /* ResourcesView.swift in Sources */ = {isa = PBXBuildFile; fileRef = 629654592627426DB479E7A0 /* ResourcesView.swift */; };
		CD2B7E06064E45E989AD6E10 /* BusinessCardView.swift in Sources */ = {isa = PBXBuildFile; fileRef = E286000AD0C14D809C3A9F61 /* BusinessCardView.swift */; };
		9F894E99A71844F6B0CF5CCC /* CreateCommunityWinView.swift in Sources */ = {isa = PBXBuildFile; fileRef = 397A94CD7F584DB3A1A69C77 /* CreateCommunityWinView.swift */; };
		7D9F37B9EB994592918CF0F9 /* AnnouncementsBanner.swift in Sources */ = {isa = PBXBuildFile; fileRef = 6DE7CE3EA8BD4ACE9DDFC78F /* AnnouncementsBanner.swift */; };
		394A776F4F534581B3BF08B3 /* UserStatsCard.swift in Sources */ = {isa = PBXBuildFile; fileRef = 21239D6D046744069AE5C168 /* UserStatsCard.swift */; };
		E3478A6232E343A5BC22BCDB /* ChallengesSection.swift in Sources */ = {isa = PBXBuildFile; fileRef = 1C8223EEA6D54CBFB5762CDF /* ChallengesSection.swift */; };
		85EC2A2FDEAE4188A1A051F4 /* LiveEventsSection.swift in Sources */ = {isa = PBXBuildFile; fileRef = 462BC132A25B4FB196D27A42 /* LiveEventsSection.swift */; };
		A390FAE5E6D0401F8BB83DBA /* CommunityWinsSection.swift in Sources */ = {isa = PBXBuildFile; fileRef = 213BB74814224F2793D0D62A /* CommunityWinsSection.swift */; };
		81CDDE1D328E4F48B821D378 /* CoursesSection.swift in Sources */ = {isa = PBXBuildFile; fileRef = 619FA545A01949D4A43EEBD4 /* CoursesSection.swift */; };
/* End PBXBuildFile section */

/* Begin PBXFileReference section */
		AA0000000000000000000011 /* CoursesApp.swift */ = {isa = PBXFileReference; lastKnownFileType = sourcecode.swift; path = CoursesApp.swift; sourceTree = "<group>"; };
		AA0000000000000000000012 /* LoginView.swift */ = {isa = PBXFileReference; lastKnownFileType = sourcecode.swift; path = LoginView.swift; sourceTree = "<group>"; };
		AA0000000000000000000013 /* CoursesListView.swift */ = {isa = PBXFileReference; lastKnownFileType = sourcecode.swift; path = CoursesListView.swift; sourceTree = "<group>"; };
		AA0000000000000000000014 /* CourseDetailView.swift */ = {isa = PBXFileReference; lastKnownFileType = sourcecode.swift; path = CourseDetailView.swift; sourceTree = "<group>"; };
		AA0000000000000000000015 /* VideoPlayerView.swift */ = {isa = PBXFileReference; lastKnownFileType = sourcecode.swift; path = VideoPlayerView.swift; sourceTree = "<group>"; };
		AA000000000000000000002E /* SettingsView.swift */ = {isa = PBXFileReference; lastKnownFileType = sourcecode.swift; path = SettingsView.swift; sourceTree = "<group>"; };
		AA0000000000000000000016 /* Course.swift */ = {isa = PBXFileReference; lastKnownFileType = sourcecode.swift; path = Course.swift; sourceTree = "<group>"; };
		AA0000000000000000000017 /* AuthManager.swift */ = {isa = PBXFileReference; lastKnownFileType = sourcecode.swift; path = AuthManager.swift; sourceTree = "<group>"; };
		AA0000000000000000000018 /* CoursesService.swift */ = {isa = PBXFileReference; lastKnownFileType = sourcecode.swift; path = CoursesService.swift; sourceTree = "<group>"; };
		AA0000000000000000000019 /* SupabaseClient.swift */ = {isa = PBXFileReference; lastKnownFileType = sourcecode.swift; path = SupabaseClient.swift; sourceTree = "<group>"; };
		AA0000000000000000000020 /* CoursesApp.xcassets */ = {isa = PBXFileReference; lastKnownFileType = folder.assetcatalog; path = CoursesApp.xcassets; sourceTree = "<group>"; };
		AA0000000000000000000021 /* Info.plist */ = {isa = PBXFileReference; lastKnownFileType = text.plist.xml; path = Info.plist; sourceTree = "<group>"; };
		AA0000000000000000000022 /* CoursesApp.app */ = {isa = PBXFileReference; explicitFileType = wrapper.application; includeInIndex = 0; path = CoursesApp.app; sourceTree = BUILT_PRODUCTS_DIR; };
		1A69D4764F0940EDB33ED354 /* Models.swift */ = {isa = PBXFileReference; lastKnownFileType = sourcecode.swift; path = Models.swift; sourceTree = "<group>"; };
		A3456D41A55843DD9A82B1F3 /* AnnouncementsService.swift */ = {isa = PBXFileReference; lastKnownFileType = sourcecode.swift; path = AnnouncementsService.swift; sourceTree = "<group>"; };
		C288C62EDE8C42A09432D375 /* ChallengesService.swift */ = {isa = PBXFileReference; lastKnownFileType = sourcecode.swift; path = ChallengesService.swift; sourceTree = "<group>"; };
		431B86AC33A6498CA8A5FC38 /* CommunityService.swift */ = {isa = PBXFileReference; lastKnownFileType = sourcecode.swift; path = CommunityService.swift; sourceTree = "<group>"; };
		F470761683834D25BAE05CE1 /* LiveEventsService.swift */ = {isa = PBXFileReference; lastKnownFileType = sourcecode.swift; path = LiveEventsService.swift; sourceTree = "<group>"; };
		CD983B8629E4413EAB1D8978 /* ResourcesService.swift */ = {isa = PBXFileReference; lastKnownFileType = sourcecode.swift; path = ResourcesService.swift; sourceTree = "<group>"; };
		4B79E4D9890243CA830B5196 /* AffiliatesService.swift */ = {isa = PBXFileReference; lastKnownFileType = sourcecode.swift; path = AffiliatesService.swift; sourceTree = "<group>"; };
		F3FC7C5571E747549A1FE771 /* SubscriptionManager.swift */ = {isa = PBXFileReference; lastKnownFileType = sourcecode.swift; path = SubscriptionManager.swift; sourceTree = "<group>"; };
		B4F22E92A9124582AE193AA5 /* UserStatsService.swift */ = {isa = PBXFileReference; lastKnownFileType = sourcecode.swift; path = UserStatsService.swift; sourceTree = "<group>"; };
		42241153F94E456581B1D498 /* HomeView.swift */ = {isa = PBXFileReference; lastKnownFileType = sourcecode.swift; path = HomeView.swift; sourceTree = "<group>"; };
		629654592627426DB479E7A0 /* ResourcesView.swift */ = {isa = PBXFileReference; lastKnownFileType = sourcecode.swift; path = ResourcesView.swift; sourceTree = "<group>"; };
		E286000AD0C14D809C3A9F61 /* BusinessCardView.swift */ = {isa = PBXFileReference; lastKnownFileType = sourcecode.swift; path = BusinessCardView.swift; sourceTree = "<group>"; };
		397A94CD7F584DB3A1A69C77 /* CreateCommunityWinView.swift */ = {isa = PBXFileReference; lastKnownFileType = sourcecode.swift; path = CreateCommunityWinView.swift; sourceTree = "<group>"; };
		6DE7CE3EA8BD4ACE9DDFC78F /* AnnouncementsBanner.swift */ = {isa = PBXFileReference; lastKnownFileType = sourcecode.swift; path = AnnouncementsBanner.swift; sourceTree = "<group>"; };
		21239D6D046744069AE5C168 /* UserStatsCard.swift */ = {isa = PBXFileReference; lastKnownFileType = sourcecode.swift; path = UserStatsCard.swift; sourceTree = "<group>"; };
		1C8223EEA6D54CBFB5762CDF /* ChallengesSection.swift */ = {isa = PBXFileReference; lastKnownFileType = sourcecode.swift; path = ChallengesSection.swift; sourceTree = "<group>"; };
		462BC132A25B4FB196D27A42 /* LiveEventsSection.swift */ = {isa = PBXFileReference; lastKnownFileType = sourcecode.swift; path = LiveEventsSection.swift; sourceTree = "<group>"; };
		213BB74814224F2793D0D62A /* CommunityWinsSection.swift */ = {isa = PBXFileReference; lastKnownFileType = sourcecode.swift; path = CommunityWinsSection.swift; sourceTree = "<group>"; };
		619FA545A01949D4A43EEBD4 /* CoursesSection.swift */ = {isa = PBXFileReference; lastKnownFileType = sourcecode.swift; path = CoursesSection.swift; sourceTree = "<group>"; };
/* End PBXFileReference section */

/* Begin PBXFrameworksBuildPhase section */
		AA0000000000000000000023 /* Frameworks */ = {
			isa = PBXFrameworksBuildPhase;
			buildActionMask = 2147483647;
			files = (
				AA0000000000000000000030 /* Supabase in Frameworks */,
			);
			runOnlyForDeploymentPostprocessing = 0;
		};
/* End PBXFrameworksBuildPhase section */

/* Begin PBXGroup section */
		AA0000000000000000000024 = {
			isa = PBXGroup;
			children = (
				AA0000000000000000000025 /* CoursesApp */,
				AA0000000000000000000026 /* Products */,
			);
			sourceTree = "<group>";
		};
		AA0000000000000000000025 /* CoursesApp */ = {
			isa = PBXGroup;
			children = (
				AA0000000000000000000011 /* CoursesApp.swift */,
				AA0000000000000000000027 /* Views */,
				AA0000000000000000000028 /* Models */,
				AA0000000000000000000031 /* Services */,
				2F44B7BFEEC146A0B740980C /* Courses */,
				AA0000000000000000000020 /* CoursesApp.xcassets */,
				AA0000000000000000000021 /* Info.plist */,
			);
			path = CoursesApp;
			sourceTree = "<group>";
		};
		AA0000000000000000000026 /* Products */ = {
			isa = PBXGroup;
			children = (
				AA0000000000000000000022 /* CoursesApp.app */,
			);
			name = Products;
			sourceTree = "<group>";
		};
		AA0000000000000000000027 /* Views */ = {
			isa = PBXGroup;
			children = (
				AA0000000000000000000012 /* LoginView.swift */,
				AA0000000000000000000013 /* CoursesListView.swift */,
				AA0000000000000000000014 /* CourseDetailView.swift */,
				AA0000000000000000000015 /* VideoPlayerView.swift */,
				AA000000000000000000002E /* SettingsView.swift */,
			);
			path = Views;
			sourceTree = "<group>";
		};
		AA0000000000000000000028 /* Models */ = {
			isa = PBXGroup;
			children = (
				AA0000000000000000000016 /* Course.swift */,
			);
			path = Models;
			sourceTree = "<group>";
		};
		2F44B7BFEEC146A0B740980C /* Courses */ = {
			isa = PBXGroup;
			children = (
				1A69D4764F0940EDB33ED354 /* Models.swift */,
				3624B6C70E2943B4A550F78D /* Services */,
				B0B64DF80EE641BF85833BAE /* Views */,
			);
			path = Courses;
			sourceTree = "<group>";
		};
		3624B6C70E2943B4A550F78D /* Services */ = {
			isa = PBXGroup;
			children = (
				A3456D41A55843DD9A82B1F3 /* AnnouncementsService.swift */,
				C288C62EDE8C42A09432D375 /* ChallengesService.swift */,
				431B86AC33A6498CA8A5FC38 /* CommunityService.swift */,
				F470761683834D25BAE05CE1 /* LiveEventsService.swift */,
				CD983B8629E4413EAB1D8978 /* ResourcesService.swift */,
				4B79E4D9890243CA830B5196 /* AffiliatesService.swift */,
				F3FC7C5571E747549A1FE771 /* SubscriptionManager.swift */,
				B4F22E92A9124582AE193AA5 /* UserStatsService.swift */,
			);
			path = Services;
			sourceTree = "<group>";
		};
		B0B64DF80EE641BF85833BAE /* Views */ = {
			isa = PBXGroup;
			children = (
				42241153F94E456581B1D498 /* HomeView.swift */,
				629654592627426DB479E7A0 /* ResourcesView.swift */,
				E286000AD0C14D809C3A9F61 /* BusinessCardView.swift */,
				397A94CD7F584DB3A1A69C77 /* CreateCommunityWinView.swift */,
				F78215219D2240F8ABFAC2B4 /* Components */,
			);
			path = Views;
			sourceTree = "<group>";
		};
		F78215219D2240F8ABFAC2B4 /* Components */ = {
			isa = PBXGroup;
			children = (
				6DE7CE3EA8BD4ACE9DDFC78F /* AnnouncementsBanner.swift */,
				21239D6D046744069AE5C168 /* UserStatsCard.swift */,
				1C8223EEA6D54CBFB5762CDF /* ChallengesSection.swift */,
				462BC132A25B4FB196D27A42 /* LiveEventsSection.swift */,
				213BB74814224F2793D0D62A /* CommunityWinsSection.swift */,
				619FA545A01949D4A43EEBD4 /* CoursesSection.swift */,
			);
			path = Components;
			sourceTree = "<group>";
		};
		AA0000000000000000000031 /* Services */ = {
			isa = PBXGroup;
			children = (
				AA0000000000000000000017 /* AuthManager.swift */,
				AA0000000000000000000018 /* CoursesService.swift */,
				AA0000000000000000000019 /* SupabaseClient.swift */,
			);
			path = Services;
			sourceTree = "<group>";
		};
/* End PBXGroup section */

/* Begin PBXNativeTarget section */
		AA0000000000000000000032 /* CoursesApp */ = {
			isa = PBXNativeTarget;
			buildConfigurationList = AA0000000000000000000033 /* Build configuration list for PBXNativeTarget "CoursesApp" */;
			buildPhases = (
				AA0000000000000000000034 /* Sources */,
				AA0000000000000000000023 /* Frameworks */,
				AA0000000000000000000035 /* Resources */,
			);
			buildRules = (
			);
			dependencies = (
			);
			name = CoursesApp;
			packageProductDependencies = (
				AA0000000000000000000029 /* Supabase */,
			);
			productName = CoursesApp;
			productReference = AA0000000000000000000022 /* CoursesApp.app */;
			productType = "com.apple.product-type.application";
		};
/* End PBXNativeTarget section */

/* Begin PBXProject section */
		AA0000000000000000000036 /* Project object */ = {
			isa = PBXProject;
			attributes = {
				BuildIndependentTargetsInParallel = 1;
				LastSwiftUpdateCheck = 1500;
				LastUpgradeCheck = 1500;
				TargetAttributes = {
					AA0000000000000000000032 = {
						CreatedOnToolsVersion = 15.0;
					};
				};
			};
			buildConfigurationList = AA0000000000000000000037 /* Build configuration list for PBXProject "CoursesApp" */;
			compatibilityVersion = "Xcode 14.0";
			developmentRegion = ar;
			hasScannedForEncodings = 0;
			knownRegions = (
				en,
				Base,
				ar,
			);
			mainGroup = AA0000000000000000000024;
			packageReferences = (
				AA0000000000000000000038 /* XCRemoteSwiftPackageReference "supabase-swift" */,
			);
			productRefGroup = AA0000000000000000000026 /* Products */;
			projectDirPath = "";
			projectRoot = "";
			targets = (
				AA0000000000000000000032 /* CoursesApp */,
			);
		};
/* End PBXProject section */

/* Begin PBXResourcesBuildPhase section */
		AA0000000000000000000035 /* Resources */ = {
			isa = PBXResourcesBuildPhase;
			buildActionMask = 2147483647;
			files = (
				AA0000000000000000000010 /* CoursesApp.xcassets in Resources */,
			);
			runOnlyForDeploymentPostprocessing = 0;
		};
/* End PBXResourcesBuildPhase section */

/* Begin PBXSourcesBuildPhase section */
		AA0000000000000000000034 /* Sources */ = {
			isa = PBXSourcesBuildPhase;
			buildActionMask = 2147483647;
			files = (
				AA0000000000000000000001 /* CoursesApp.swift in Sources */,
				AA0000000000000000000002 /* LoginView.swift in Sources */,
				AA0000000000000000000003 /* CoursesListView.swift in Sources */,
				AA0000000000000000000004 /* CourseDetailView.swift in Sources */,
				AA0000000000000000000005 /* VideoPlayerView.swift in Sources */,
				AA000000000000000000001E /* SettingsView.swift in Sources */,
				AA0000000000000000000006 /* Course.swift in Sources */,
				AA0000000000000000000007 /* AuthManager.swift in Sources */,
				AA0000000000000000000008 /* CoursesService.swift in Sources */,
				AA0000000000000000000009 /* SupabaseClient.swift in Sources */,
				BAAB445234D94EB892E6FC6B /* Models.swift in Sources */,
				B41E6161328C4F568A6A8B24 /* AnnouncementsService.swift in Sources */,
				F2FD9A7743D34518882D07CE /* ChallengesService.swift in Sources */,
				9CBF2EED0DDE4450A1FCC566 /* CommunityService.swift in Sources */,
				473C6AFA65214FFEA3BEFF52 /* LiveEventsService.swift in Sources */,
				61D8BF310A2046249ECA679F /* ResourcesService.swift in Sources */,
				71E91A5617B0466AAEF55CC6 /* AffiliatesService.swift in Sources */,
				D68463E61C6144E0BA1C1B95 /* SubscriptionManager.swift in Sources */,
				E92D858B2B844E58B81F1311 /* UserStatsService.swift in Sources */,
				97BF901803044AFF878E285F /* HomeView.swift in Sources */,
				8B146B6274EF4F3ABBBFBB81 /* ResourcesView.swift in Sources */,
				CD2B7E06064E45E989AD6E10 /* BusinessCardView.swift in Sources */,
				9F894E99A71844F6B0CF5CCC /* CreateCommunityWinView.swift in Sources */,
				7D9F37B9EB994592918CF0F9 /* AnnouncementsBanner.swift in Sources */,
				394A776F4F534581B3BF08B3 /* UserStatsCard.swift in Sources */,
				E3478A6232E343A5BC22BCDB /* ChallengesSection.swift in Sources */,
				85EC2A2FDEAE4188A1A051F4 /* LiveEventsSection.swift in Sources */,
				A390FAE5E6D0401F8BB83DBA /* CommunityWinsSection.swift in Sources */,
				81CDDE1D328E4F48B821D378 /* CoursesSection.swift in Sources */,
			);
			runOnlyForDeploymentPostprocessing = 0;
		};
/* End PBXSourcesBuildPhase section */

/* Begin XCBuildConfiguration section */
		AA0000000000000000000039 /* Debug */ = {
			isa = XCBuildConfiguration;
			buildSettings = {
				ALWAYS_SEARCH_USER_PATHS = NO;
				ASSETCATALOG_COMPILER_GENERATE_SWIFT_ASSET_SYMBOL_EXTENSIONS = YES;
				CLANG_ANALYZER_NONNULL = YES;
				CLANG_ANALYZER_NUMBER_OBJECT_CONVERSION = YES_AGGRESSIVE;
				CLANG_CXX_LANGUAGE_STANDARD = "gnu++20";
				CLANG_ENABLE_MODULES = YES;
				CLANG_ENABLE_OBJC_ARC = YES;
				CLANG_ENABLE_OBJC_WEAK = YES;
				CLANG_WARN_BLOCK_CAPTURE_AUTORELEASING = YES;
				CLANG_WARN_BOOL_CONVERSION = YES;
				CLANG_WARN_COMMA = YES;
				CLANG_WARN_CONSTANT_CONVERSION = YES;
				CLANG_WARN_DEPRECATED_OBJC_IMPLEMENTATIONS = YES;
				CLANG_WARN_DIRECT_OBJC_ISA_USAGE = YES_ERROR;
				CLANG_WARN_DOCUMENTATION_COMMENTS = YES;
				CLANG_WARN_EMPTY_BODY = YES;
				CLANG_WARN_ENUM_CONVERSION = YES;
				CLANG_WARN_INFINITE_RECURSION = YES;
				CLANG_WARN_INT_CONVERSION = YES;
				CLANG_WARN_NON_LITERAL_NULL_CONVERSION = YES;
				CLANG_WARN_OBJC_IMPLICIT_RETAIN_SELF = YES;
				CLANG_WARN_OBJC_LITERAL_CONVERSION = YES;
				CLANG_WARN_OBJC_ROOT_CLASS = YES_ERROR;
				CLANG_WARN_QUOTED_INCLUDE_IN_FRAMEWORK_HEADER = YES;
				CLANG_WARN_RANGE_LOOP_ANALYSIS = YES;
				CLANG_WARN_STRICT_PROTOTYPES = YES;
				CLANG_WARN_SUSPICIOUS_MOVE = YES;
				CLANG_WARN_UNGUARDED_AVAILABILITY = YES_AGGRESSIVE;
				CLANG_WARN_UNREACHABLE_CODE = YES;
				CLANG_WARN__DUPLICATE_METHOD_MATCH = YES;
				COPY_PHASE_STRIP = NO;
				DEBUG_INFORMATION_FORMAT = dwarf;
				ENABLE_STRICT_OBJC_MSGSEND = YES;
				ENABLE_TESTABILITY = YES;
				ENABLE_USER_SCRIPT_SANDBOXING = YES;
				GCC_C_LANGUAGE_STANDARD = gnu17;
				GCC_DYNAMIC_NO_PIC = NO;
				GCC_NO_COMMON_BLOCKS = YES;
				GCC_OPTIMIZATION_LEVEL = 0;
				GCC_PREPROCESSOR_DEFINITIONS = (
					"DEBUG=1",
					"$(inherited)",
				);
				GCC_WARN_64_TO_32_BIT_CONVERSION = YES;
				GCC_WARN_ABOUT_RETURN_TYPE = YES_ERROR;
				GCC_WARN_UNDECLARED_SELECTOR = YES;
				GCC_WARN_UNINITIALIZED_AUTOS = YES_AGGRESSIVE;
				GCC_WARN_UNUSED_FUNCTION = YES;
				GCC_WARN_UNUSED_VARIABLE = YES;
				IPHONEOS_DEPLOYMENT_TARGET = 16.0;
				LOCALIZATION_PREFERS_STRING_CATALOGS = YES;
				MTL_ENABLE_DEBUG_INFO = INCLUDE_SOURCE;
				MTL_FAST_MATH = YES;
				ONLY_ACTIVE_ARCH = YES;
				SDKROOT = iphoneos;
				SWIFT_ACTIVE_COMPILATION_CONDITIONS = "DEBUG $(inherited)";
				SWIFT_OPTIMIZATION_LEVEL = "-Onone";
			};
			name = Debug;
		};
		AA0000000000000000000040 /* Release */ = {
			isa = XCBuildConfiguration;
			buildSettings = {
				ALWAYS_SEARCH_USER_PATHS = NO;
				ASSETCATALOG_COMPILER_GENERATE_SWIFT_ASSET_SYMBOL_EXTENSIONS = YES;
				CLANG_ANALYZER_NONNULL = YES;
				CLANG_ANALYZER_NUMBER_OBJECT_CONVERSION = YES_AGGRESSIVE;
				CLANG_CXX_LANGUAGE_STANDARD = "gnu++20";
				CLANG_ENABLE_MODULES = YES;
				CLANG_ENABLE_OBJC_ARC = YES;
				CLANG_ENABLE_OBJC_WEAK = YES;
				CLANG_WARN_BLOCK_CAPTURE_AUTORELEASING = YES;
				CLANG_WARN_BOOL_CONVERSION = YES;
				CLANG_WARN_COMMA = YES;
				CLANG_WARN_CONSTANT_CONVERSION = YES;
				CLANG_WARN_DEPRECATED_OBJC_IMPLEMENTATIONS = YES;
				CLANG_WARN_DIRECT_OBJC_ISA_USAGE = YES_ERROR;
				CLANG_WARN_DOCUMENTATION_COMMENTS = YES;
				CLANG_WARN_EMPTY_BODY = YES;
				CLANG_WARN_ENUM_CONVERSION = YES;
				CLANG_WARN_INFINITE_RECURSION = YES;
				CLANG_WARN_INT_CONVERSION = YES;
				CLANG_WARN_NON_LITERAL_NULL_CONVERSION = YES;
				CLANG_WARN_OBJC_IMPLICIT_RETAIN_SELF = YES;
				CLANG_WARN_OBJC_LITERAL_CONVERSION = YES;
				CLANG_WARN_OBJC_ROOT_CLASS = YES_ERROR;
				CLANG_WARN_QUOTED_INCLUDE_IN_FRAMEWORK_HEADER = YES;
				CLANG_WARN_RANGE_LOOP_ANALYSIS = YES;
				CLANG_WARN_STRICT_PROTOTYPES = YES;
				CLANG_WARN_SUSPICIOUS_MOVE = YES;
				CLANG_WARN_UNGUARDED_AVAILABILITY = YES_AGGRESSIVE;
				CLANG_WARN_UNREACHABLE_CODE = YES;
				CLANG_WARN__DUPLICATE_METHOD_MATCH = YES;
				COPY_PHASE_STRIP = NO;
				DEBUG_INFORMATION_FORMAT = "dwarf-with-dsym";
				ENABLE_NS_ASSERTIONS = NO;
				ENABLE_STRICT_OBJC_MSGSEND = YES;
				ENABLE_USER_SCRIPT_SANDBOXING = YES;
				GCC_C_LANGUAGE_STANDARD = gnu17;
				GCC_NO_COMMON_BLOCKS = YES;
				GCC_WARN_64_TO_32_BIT_CONVERSION = YES;
				GCC_WARN_ABOUT_RETURN_TYPE = YES_ERROR;
				GCC_WARN_UNDECLARED_SELECTOR = YES;
				GCC_WARN_UNINITIALIZED_AUTOS = YES_AGGRESSIVE;
				GCC_WARN_UNUSED_FUNCTION = YES;
				GCC_WARN_UNUSED_VARIABLE = YES;
				IPHONEOS_DEPLOYMENT_TARGET = 16.0;
				LOCALIZATION_PREFERS_STRING_CATALOGS = YES;
				MTL_ENABLE_DEBUG_INFO = NO;
				MTL_FAST_MATH = YES;
				SDKROOT = iphoneos;
				SWIFT_COMPILATION_MODE = wholemodule;
				VALIDATE_PRODUCT = YES;
			};
			name = Release;
		};
		AA0000000000000000000041 /* Debug */ = {
			isa = XCBuildConfiguration;
			buildSettings = {
				ASSETCATALOG_COMPILER_APPICON_NAME = AppIcon;
				ASSETCATALOG_COMPILER_GLOBAL_ACCENT_COLOR_NAME = AccentColor;
				CODE_SIGN_STYLE = Automatic;
				CURRENT_PROJECT_VERSION = 1;
				DEVELOPMENT_TEAM = "";
				GENERATE_INFOPLIST_FILE = NO;
				INFOPLIST_FILE = CoursesApp/Info.plist;
				INFOPLIST_KEY_UIApplicationSupportsIndirectInputEvents = YES;
				INFOPLIST_KEY_UILaunchScreen_Generation = YES;
				INFOPLIST_KEY_UISupportedInterfaceOrientations = "UIInterfaceOrientationPortrait UIInterfaceOrientationLandscapeLeft UIInterfaceOrientationLandscapeRight";
				INFOPLIST_KEY_UISupportedInterfaceOrientations_iPad = "UIInterfaceOrientationPortrait UIInterfaceOrientationPortraitUpsideDown UIInterfaceOrientationLandscapeLeft UIInterfaceOrientationLandscapeRight";
				IPHONEOS_DEPLOYMENT_TARGET = 16.0;
				LD_RUNPATH_SEARCH_PATHS = (
					"$(inherited)",
					"@executable_path/Frameworks",
				);
				MARKETING_VERSION = 1.0;
				PRODUCT_BUNDLE_IDENTIFIER = com.courses.app;
				PRODUCT_NAME = "$(TARGET_NAME)";
				SWIFT_EMIT_LOC_STRINGS = YES;
				SWIFT_VERSION = 5.0;
				TARGETED_DEVICE_FAMILY = "1,2";
			};
			name = Debug;
		};
		AA0000000000000000000042 /* Release */ = {
			isa = XCBuildConfiguration;
			buildSettings = {
				ASSETCATALOG_COMPILER_APPICON_NAME = AppIcon;
				ASSETCATALOG_COMPILER_GLOBAL_ACCENT_COLOR_NAME = AccentColor;
				CODE_SIGN_STYLE = Automatic;
				CURRENT_PROJECT_VERSION = 1;
				DEVELOPMENT_TEAM = "";
				GENERATE_INFOPLIST_FILE = NO;
				INFOPLIST_FILE = CoursesApp/Info.plist;
				INFOPLIST_KEY_UIApplicationSupportsIndirectInputEvents = YES;
				INFOPLIST_KEY_UILaunchScreen_Generation = YES;
				INFOPLIST_KEY_UISupportedInterfaceOrientations = "UIInterfaceOrientationPortrait UIInterfaceOrientationLandscapeLeft UIInterfaceOrientationLandscapeRight";
				INFOPLIST_KEY_UISupportedInterfaceOrientations_iPad = "UIInterfaceOrientationPortrait UIInterfaceOrientationPortraitUpsideDown UIInterfaceOrientationLandscapeLeft UIInterfaceOrientationLandscapeRight";
				IPHONEOS_DEPLOYMENT_TARGET = 16.0;
				LD_RUNPATH_SEARCH_PATHS = (
					"$(inherited)",
					"@executable_path/Frameworks",
				);
				MARKETING_VERSION = 1.0;
				PRODUCT_BUNDLE_IDENTIFIER = com.courses.app;
				PRODUCT_NAME = "$(TARGET_NAME)";
				SWIFT_EMIT_LOC_STRINGS = YES;
				SWIFT_VERSION = 5.0;
				TARGETED_DEVICE_FAMILY = "1,2";
			};
			name = Release;
		};
/* End XCBuildConfiguration section */

/* Begin XCConfigurationList section */
		AA0000000000000000000033 /* Build configuration list for PBXNativeTarget "CoursesApp" */ = {
			isa = XCConfigurationList;
			buildConfigurations = (
				AA0000000000000000000041 /* Debug */,
				AA0000000000000000000042 /* Release */,
			);
			defaultConfigurationIsVisible = 0;
			defaultConfigurationName = Release;
		};
		AA0000000000000000000037 /* Build configuration list for PBXProject "CoursesApp" */ = {
			isa = XCConfigurationList;
			buildConfigurations = (
				AA0000000000000000000039 /* Debug */,
				AA0000000000000000000040 /* Release */,
			);
			defaultConfigurationIsVisible = 0;
			defaultConfigurationName = Release;
		};
/* End XCConfigurationList section */

/* Begin XCRemoteSwiftPackageReference section */
		AA0000000000000000000038 /* XCRemoteSwiftPackageReference "supabase-swift" */ = {
			isa = XCRemoteSwiftPackageReference;
			repositoryURL = "https://github.com/supabase/supabase-swift.git";
			requirement = {
				kind = upToNextMajorVersion;
				minimumVersion = 2.0.0;
			};
		};
/* End XCRemoteSwiftPackageReference section */

/* Begin XCSwiftPackageProductDependency section */
		AA0000000000000000000029 /* Supabase */ = {
			isa = XCSwiftPackageProductDependency;
			package = AA0000000000000000000038 /* XCRemoteSwiftPackageReference "supabase-swift" */;
			productName = Supabase;
		};
/* End XCSwiftPackageProductDependency section */
	};
	rootObject = AA0000000000000000000036 /* Project object */;
}
